
Microsoft Visual Studio Solution File, Format Version 12.00
# Visual Studio Version 17
VisualStudioVersion = 17.0.31903.59
MinimumVisualStudioVersion = 10.0.40219.1
Project("{2150E333-8FDC-42A3-9474-1A3956D46DE8}") = "src", "src", "{827E0CD3-B72D-47B6-A68D-7590B98EB39B}"
EndProject
Project("{FAE04EC0-301F-11D3-BF4B-00C04F79EFBC}") = "AegisQuiz.Domain", "src\AegisQuiz.Domain\AegisQuiz.Domain.csproj", "{C7CCBC2F-485F-4EED-B755-CD35C20C9306}"
EndProject
Project("{FAE04EC0-301F-11D3-BF4B-00C04F79EFBC}") = "AegisQuiz.Application", "src\AegisQuiz.Application\AegisQuiz.Application.csproj", "{C2989737-BFDF-47A0-9804-553F2EBA0D21}"
EndProject
Project("{FAE04EC0-301F-11D3-BF4B-00C04F79EFBC}") = "AegisQuiz.Infrastructure", "src\AegisQuiz.Infrastructure\AegisQuiz.Infrastructure.csproj", "{018195A3-F70B-4EDD-B773-AA2891F57015}"
EndProject
Project("{FAE04EC0-301F-11D3-BF4B-00C04F79EFBC}") = "AegisQuiz.API", "src\AegisQuiz.API\AegisQuiz.API.csproj", "{D21B3E5A-91B7-42D6-97AB-D095CDE40855}"
EndProject
Project("{2150E333-8FDC-42A3-9474-1A3956D46DE8}") = "tests", "tests", "{0AB3BF05-4346-4AA6-1389-037BE0695223}"
EndProject
Project("{FAE04EC0-301F-11D3-BF4B-00C04F79EFBC}") = "AegisQuiz.UnitTests", "tests\AegisQuiz.UnitTests\AegisQuiz.UnitTests.csproj", "{B1A9222D-6D81-40B9-8E17-0433BE28F8A8}"
EndProject
Global
	GlobalSection(SolutionConfigurationPlatforms) = preSolution
		Debug|Any CPU = Debug|Any CPU
		Debug|x64 = Debug|x64
		Debug|x86 = Debug|x86
		Release|Any CPU = Release|Any CPU
		Release|x64 = Release|x64
		Release|x86 = Release|x86
	EndGlobalSection
	GlobalSection(ProjectConfigurationPlatforms) = postSolution
		{C7CCBC2F-485F-4EED-B755-CD35C20C9306}.Debug|Any CPU.ActiveCfg = Debug|Any CPU
		{C7CCBC2F-485F-4EED-B755-CD35C20C9306}.Debug|Any CPU.Build.0 = Debug|Any CPU
		{C7CCBC2F-485F-4EED-B755-CD35C20C9306}.Debug|x64.ActiveCfg = Debug|Any CPU
		{C7CCBC2F-485F-4EED-B755-CD35C20C9306}.Debug|x64.Build.0 = Debug|Any CPU
		{C7CCBC2F-485F-4EED-B755-CD35C20C9306}.Debug|x86.ActiveCfg = Debug|Any CPU
		{C7CCBC2F-485F-4EED-B755-CD35C20C9306}.Debug|x86.Build.0 = Debug|Any CPU
		{C7CCBC2F-485F-4EED-B755-CD35C20C9306}.Release|Any CPU.ActiveCfg = Release|Any CPU
		{C7CCBC2F-485F-4EED-B755-CD35C20C9306}.Release|Any CPU.Build.0 = Release|Any CPU
		{C7CCBC2F-485F-4EED-B755-CD35C20C9306}.Release|x64.ActiveCfg = Release|Any CPU
		{C7CCBC2F-485F-4EED-B755-CD35C20C9306}.Release|x64.Build.0 = Release|Any CPU
		{C7CCBC2F-485F-4EED-B755-CD35C20C9306}.Release|x86.ActiveCfg = Release|Any CPU
		{C7CCBC2F-485F-4EED-B755-CD35C20C9306}.Release|x86.Build.0 = Release|Any CPU
		{C2989737-BFDF-47A0-9804-553F2EBA0D21}.Debug|Any CPU.ActiveCfg = Debug|Any CPU
		{C2989737-BFDF-47A0-9804-553F2EBA0D21}.Debug|Any CPU.Build.0 = Debug|Any CPU
		{C2989737-BFDF-47A0-9804-553F2EBA0D21}.Debug|x64.ActiveCfg = Debug|Any CPU
		{C2989737-BFDF-47A0-9804-553F2EBA0D21}.Debug|x64.Build.0 = Debug|Any CPU
		{C2989737-BFDF-47A0-9804-553F2EBA0D21}.Debug|x86.ActiveCfg = Debug|Any CPU
		{C2989737-BFDF-47A0-9804-553F2EBA0D21}.Debug|x86.Build.0 = Debug|Any CPU
		{C2989737-BFDF-47A0-9804-553F2EBA0D21}.Release|Any CPU.ActiveCfg = Release|Any CPU
		{C2989737-BFDF-47A0-9804-553F2EBA0D21}.Release|Any CPU.Build.0 = Release|Any CPU
		{C2989737-BFDF-47A0-9804-553F2EBA0D21}.Release|x64.ActiveCfg = Release|Any CPU
		{C2989737-BFDF-47A0-9804-553F2EBA0D21}.Release|x64.Build.0 = Release|Any CPU
		{C2989737-BFDF-47A0-9804-553F2EBA0D21}.Release|x86.ActiveCfg = Release|Any CPU
		{C2989737-BFDF-47A0-9804-553F2EBA0D21}.Release|x86.Build.0 = Release|Any CPU
		{018195A3-F70B-4EDD-B773-AA2891F57015}.Debug|Any CPU.ActiveCfg = Debug|Any CPU
		{018195A3-F70B-4EDD-B773-AA2891F57015}.Debug|Any CPU.Build.0 = Debug|Any CPU
		{018195A3-F70B-4EDD-B773-AA2891F57015}.Debug|x64.ActiveCfg = Debug|Any CPU
		{018195A3-F70B-4EDD-B773-AA2891F57015}.Debug|x64.Build.0 = Debug|Any CPU
		{018195A3-F70B-4EDD-B773-AA2891F57015}.Debug|x86.ActiveCfg = Debug|Any CPU
		{018195A3-F70B-4EDD-B773-AA2891F57015}.Debug|x86.Build.0 = Debug|Any CPU
		{018195A3-F70B-4EDD-B773-AA2891F57015}.Release|Any CPU.ActiveCfg = Release|Any CPU
		{018195A3-F70B-4EDD-B773-AA2891F57015}.Release|Any CPU.Build.0 = Release|Any CPU
		{018195A3-F70B-4EDD-B773-AA2891F57015}.Release|x64.ActiveCfg = Release|Any CPU
		{018195A3-F70B-4EDD-B773-AA2891F57015}.Release|x64.Build.0 = Release|Any CPU
		{018195A3-F70B-4EDD-B773-AA2891F57015}.Release|x86.ActiveCfg = Release|Any CPU
		{018195A3-F70B-4EDD-B773-AA2891F57015}.Release|x86.Build.0 = Release|Any CPU
		{D21B3E5A-91B7-42D6-97AB-D095CDE40855}.Debug|Any CPU.ActiveCfg = Debug|Any CPU
		{D21B3E5A-91B7-42D6-97AB-D095CDE40855}.Debug|Any CPU.Build.0 = Debug|Any CPU
		{D21B3E5A-91B7-42D6-97AB-D095CDE40855}.Debug|x64.ActiveCfg = Debug|Any CPU
		{D21B3E5A-91B7-42D6-97AB-D095CDE40855}.Debug|x64.Build.0 = Debug|Any CPU
		{D21B3E5A-91B7-42D6-97AB-D095CDE40855}.Debug|x86.ActiveCfg = Debug|Any CPU
		{D21B3E5A-91B7-42D6-97AB-D095CDE40855}.Debug|x86.Build.0 = Debug|Any CPU
		{D21B3E5A-91B7-42D6-97AB-D095CDE40855}.Release|Any CPU.ActiveCfg = Release|Any CPU
		{D21B3E5A-91B7-42D6-97AB-D095CDE40855}.Release|Any CPU.Build.0 = Release|Any CPU
		{D21B3E5A-91B7-42D6-97AB-D095CDE40855}.Release|x64.ActiveCfg = Release|Any CPU
		{D21B3E5A-91B7-42D6-97AB-D095CDE40855}.Release|x64.Build.0 = Release|Any CPU
		{D21B3E5A-91B7-42D6-97AB-D095CDE40855}.Release|x86.ActiveCfg = Release|Any CPU
		{D21B3E5A-91B7-42D6-97AB-D095CDE40855}.Release|x86.Build.0 = Release|Any CPU
		{B1A9222D-6D81-40B9-8E17-0433BE28F8A8}.Debug|Any CPU.ActiveCfg = Debug|Any CPU
		{B1A9222D-6D81-40B9-8E17-0433BE28F8A8}.Debug|Any CPU.Build.0 = Debug|Any CPU
		{B1A9222D-6D81-40B9-8E17-0433BE28F8A8}.Debug|x64.ActiveCfg = Debug|Any CPU
		{B1A9222D-6D81-40B9-8E17-0433BE28F8A8}.Debug|x64.Build.0 = Debug|Any CPU
		{B1A9222D-6D81-40B9-8E17-0433BE28F8A8}.Debug|x86.ActiveCfg = Debug|Any CPU
		{B1A9222D-6D81-40B9-8E17-0433BE28F8A8}.Debug|x86.Build.0 = Debug|Any CPU
		{B1A9222D-6D81-40B9-8E17-0433BE28F8A8}.Release|Any CPU.ActiveCfg = Release|Any CPU
		{B1A9222D-6D81-40B9-8E17-0433BE28F8A8}.Release|Any CPU.Build.0 = Release|Any CPU
		{B1A9222D-6D81-40B9-8E17-0433BE28F8A8}.Release|x64.ActiveCfg = Release|Any CPU
		{B1A9222D-6D81-40B9-8E17-0433BE28F8A8}.Release|x64.Build.0 = Release|Any CPU
		{B1A9222D-6D81-40B9-8E17-0433BE28F8A8}.Release|x86.ActiveCfg = Release|Any CPU
		{B1A9222D-6D81-40B9-8E17-0433BE28F8A8}.Release|x86.Build.0 = Release|Any CPU
	EndGlobalSection
	GlobalSection(SolutionProperties) = preSolution
		HideSolutionNode = FALSE
	EndGlobalSection
	GlobalSection(NestedProjects) = preSolution
		{C7CCBC2F-485F-4EED-B755-CD35C20C9306} = {827E0CD3-B72D-47B6-A68D-7590B98EB39B}
		{C2989737-BFDF-47A0-9804-553F2EBA0D21} = {827E0CD3-B72D-47B6-A68D-7590B98EB39B}
		{018195A3-F70B-4EDD-B773-AA2891F57015} = {827E0CD3-B72D-47B6-A68D-7590B98EB39B}
		{D21B3E5A-91B7-42D6-97AB-D095CDE40855} = {827E0CD3-B72D-47B6-A68D-7590B98EB39B}
		{B1A9222D-6D81-40B9-8E17-0433BE28F8A8} = {0AB3BF05-4346-4AA6-1389-037BE0695223}
	EndGlobalSection
EndGlobal
